// !$*UTF8*$!
{
	archiveVersion = 1;
	classes = {
	};
	objectVersion = 46;
	objects = {

/* Begin PBXBuildFile section */
		1EDA44B61AA4CCC70082E08D /* main.m in Sources */ = {isa = PBXBuildFile; fileRef = 1EDA44B51AA4CCC70082E08D /* main.m */; };
		1EDA44B91AA4CCC70082E08D /* AppDelegate.m in Sources */ = {isa = PBXBuildFile; fileRef = 1EDA44B81AA4CCC70082E08D /* AppDelegate.m */; };
		1EDA44BC1AA4CCC70082E08D /* FirstViewController.m in Sources */ = {isa = PBXBuildFile; fileRef = 1EDA44BB1AA4CCC70082E08D /* FirstViewController.m */; };
		1EDA44BF1AA4CCC70082E08D /* SecondViewController.m in Sources */ = {isa = PBXBuildFile; fileRef = 1EDA44BE1AA4CCC70082E08D /* SecondViewController.m */; };
		1EDA44C21AA4CCC70082E08D /* Main.storyboard in Resources */ = {isa = PBXBuildFile; fileRef = 1EDA44C01AA4CCC70082E08D /* Main.storyboard */; };
		1EDA44C41AA4CCC70082E08D /* Images.xcassets in Resources */ = {isa = PBXBuildFile; fileRef = 1EDA44C31AA4CCC70082E08D /* Images.xcassets */; };
		1EDA44C71AA4CCC70082E08D /* LaunchScreen.xib in Resources */ = {isa = PBXBuildFile; fileRef = 1EDA44C51AA4CCC70082E08D /* LaunchScreen.xib */; };
		1EDA44D31AA4CCC70082E08D /* FrescoNewsTests.m in Sources */ = {isa = PBXBuildFile; fileRef = 1EDA44D21AA4CCC70082E08D /* FrescoNewsTests.m */; };
/* End PBXBuildFile section */

/* Begin PBXContainerItemProxy section */
		1EDA44CD1AA4CCC70082E08D /* PBXContainerItemProxy */ = {
			isa = PBXContainerItemProxy;
			containerPortal = 1EDA44A81AA4CCC70082E08D /* Project object */;
			proxyType = 1;
			remoteGlobalIDString = 1EDA44AF1AA4CCC70082E08D;
			remoteInfo = FrescoNews;
		};
/* End PBXContainerItemProxy section */

/* Begin PBXFileReference section */
		1EDA44B01AA4CCC70082E08D /* FrescoNews.app */ = {isa = PBXFileReference; explicitFileType = wrapper.application; includeInIndex = 0; path = FrescoNews.app; sourceTree = BUILT_PRODUCTS_DIR; };
		1EDA44B41AA4CCC70082E08D /* Info.plist */ = {isa = PBXFileReference; lastKnownFileType = text.plist.xml; path = Info.plist; sourceTree = "<group>"; };
		1EDA44B51AA4CCC70082E08D /* main.m */ = {isa = PBXFileReference; lastKnownFileType = sourcecode.c.objc; path = main.m; sourceTree = "<group>"; };
		1EDA44B71AA4CCC70082E08D /* AppDelegate.h */ = {isa = PBXFileReference; lastKnownFileType = sourcecode.c.h; path = AppDelegate.h; sourceTree = "<group>"; };
		1EDA44B81AA4CCC70082E08D /* AppDelegate.m */ = {isa = PBXFileReference; lastKnownFileType = sourcecode.c.objc; path = AppDelegate.m; sourceTree = "<group>"; };
		1EDA44BA1AA4CCC70082E08D /* FirstViewController.h */ = {isa = PBXFileReference; lastKnownFileType = sourcecode.c.h; path = FirstViewController.h; sourceTree = "<group>"; };
		1EDA44BB1AA4CCC70082E08D /* FirstViewController.m */ = {isa = PBXFileReference; lastKnownFileType = sourcecode.c.objc; path = FirstViewController.m; sourceTree = "<group>"; };
		1EDA44BD1AA4CCC70082E08D /* SecondViewController.h */ = {isa = PBXFileReference; lastKnownFileType = sourcecode.c.h; path = SecondViewController.h; sourceTree = "<group>"; };
		1EDA44BE1AA4CCC70082E08D /* SecondViewController.m */ = {isa = PBXFileReference; lastKnownFileType = sourcecode.c.objc; path = SecondViewController.m; sourceTree = "<group>"; };
		1EDA44C11AA4CCC70082E08D /* Base */ = {isa = PBXFileReference; lastKnownFileType = file.storyboard; name = Base; path = Base.lproj/Main.storyboard; sourceTree = "<group>"; };
		1EDA44C31AA4CCC70082E08D /* Images.xcassets */ = {isa = PBXFileReference; lastKnownFileType = folder.assetcatalog; path = Images.xcassets; sourceTree = "<group>"; };
		1EDA44C61AA4CCC70082E08D /* Base */ = {isa = PBXFileReference; lastKnownFileType = file.xib; name = Base; path = Base.lproj/LaunchScreen.xib; sourceTree = "<group>"; };
		1EDA44CC1AA4CCC70082E08D /* FrescoNewsTests.xctest */ = {isa = PBXFileReference; explicitFileType = wrapper.cfbundle; includeInIndex = 0; path = FrescoNewsTests.xctest; sourceTree = BUILT_PRODUCTS_DIR; };
		1EDA44D11AA4CCC70082E08D /* Info.plist */ = {isa = PBXFileReference; lastKnownFileType = text.plist.xml; path = Info.plist; sourceTree = "<group>"; };
		1EDA44D21AA4CCC70082E08D /* FrescoNewsTests.m */ = {isa = PBXFileReference; lastKnownFileType = sourcecode.c.objc; path = FrescoNewsTests.m; sourceTree = "<group>"; };
/* End PBXFileReference section */

/* Begin PBXFrameworksBuildPhase section */
		1EDA44AD1AA4CCC70082E08D /* Frameworks */ = {
			isa = PBXFrameworksBuildPhase;
			buildActionMask = 2147483647;
			files = (
			);
			runOnlyForDeploymentPostprocessing = 0;
		};
		1EDA44C91AA4CCC70082E08D /* Frameworks */ = {
			isa = PBXFrameworksBuildPhase;
			buildActionMask = 2147483647;
			files = (
			);
			runOnlyForDeploymentPostprocessing = 0;
		};
/* End PBXFrameworksBuildPhase section */

/* Begin PBXGroup section */
		1EDA44A71AA4CCC70082E08D = {
			isa = PBXGroup;
			children = (
				1EDA44B21AA4CCC70082E08D /* FrescoNews */,
				1EDA44CF1AA4CCC70082E08D /* FrescoNewsTests */,
				1EDA44B11AA4CCC70082E08D /* Products */,
			);
			sourceTree = "<group>";
		};
		1EDA44B11AA4CCC70082E08D /* Products */ = {
			isa = PBXGroup;
			children = (
				1EDA44B01AA4CCC70082E08D /* FrescoNews.app */,
				1EDA44CC1AA4CCC70082E08D /* FrescoNewsTests.xctest */,
			);
			name = Products;
			sourceTree = "<group>";
		};
		1EDA44B21AA4CCC70082E08D /* FrescoNews */ = {
			isa = PBXGroup;
			children = (
				1EDA44B71AA4CCC70082E08D /* AppDelegate.h */,
				1EDA44B81AA4CCC70082E08D /* AppDelegate.m */,
				1EDA44BA1AA4CCC70082E08D /* FirstViewController.h */,
				1EDA44BB1AA4CCC70082E08D /* FirstViewController.m */,
				1EDA44BD1AA4CCC70082E08D /* SecondViewController.h */,
				1EDA44BE1AA4CCC70082E08D /* SecondViewController.m */,
				1EDA44C01AA4CCC70082E08D /* Main.storyboard */,
				1EDA44C31AA4CCC70082E08D /* Images.xcassets */,
				1EDA44C51AA4CCC70082E08D /* LaunchScreen.xib */,
				1EDA44B31AA4CCC70082E08D /* Supporting Files */,
			);
			path = FrescoNews;
			sourceTree = "<group>";
		};
		1EDA44B31AA4CCC70082E08D /* Supporting Files */ = {
			isa = PBXGroup;
			children = (
				1EDA44B41AA4CCC70082E08D /* Info.plist */,
				1EDA44B51AA4CCC70082E08D /* main.m */,
			);
			name = "Supporting Files";
			sourceTree = "<group>";
		};
		1EDA44CF1AA4CCC70082E08D /* FrescoNewsTests */ = {
			isa = PBXGroup;
			children = (
				1EDA44D21AA4CCC70082E08D /* FrescoNewsTests.m */,
				1EDA44D01AA4CCC70082E08D /* Supporting Files */,
			);
			path = FrescoNewsTests;
			sourceTree = "<group>";
		};
		1EDA44D01AA4CCC70082E08D /* Supporting Files */ = {
			isa = PBXGroup;
			children = (
				1EDA44D11AA4CCC70082E08D /* Info.plist */,
			);
			name = "Supporting Files";
			sourceTree = "<group>";
		};
/* End PBXGroup section */

/* Begin PBXNativeTarget section */
		1EDA44AF1AA4CCC70082E08D /* FrescoNews */ = {
			isa = PBXNativeTarget;
			buildConfigurationList = 1EDA44D61AA4CCC70082E08D /* Build configuration list for PBXNativeTarget "FrescoNews" */;
			buildPhases = (
				1EDA44AC1AA4CCC70082E08D /* Sources */,
				1EDA44AD1AA4CCC70082E08D /* Frameworks */,
				1EDA44AE1AA4CCC70082E08D /* Resources */,
			);
			buildRules = (
			);
			dependencies = (
			);
			name = FrescoNews;
			productName = FrescoNews;
			productReference = 1EDA44B01AA4CCC70082E08D /* FrescoNews.app */;
			productType = "com.apple.product-type.application";
		};
		1EDA44CB1AA4CCC70082E08D /* FrescoNewsTests */ = {
			isa = PBXNativeTarget;
			buildConfigurationList = 1EDA44D91AA4CCC70082E08D /* Build configuration list for PBXNativeTarget "FrescoNewsTests" */;
			buildPhases = (
				1EDA44C81AA4CCC70082E08D /* Sources */,
				1EDA44C91AA4CCC70082E08D /* Frameworks */,
				1EDA44CA1AA4CCC70082E08D /* Resources */,
			);
			buildRules = (
			);
			dependencies = (
				1EDA44CE1AA4CCC70082E08D /* PBXTargetDependency */,
			);
			name = FrescoNewsTests;
			productName = FrescoNewsTests;
			productReference = 1EDA44CC1AA4CCC70082E08D /* FrescoNewsTests.xctest */;
			productType = "com.apple.product-type.bundle.unit-test";
		};
/* End PBXNativeTarget section */

/* Begin PBXProject section */
		1EDA44A81AA4CCC70082E08D /* Project object */ = {
			isa = PBXProject;
			attributes = {
				LastUpgradeCheck = 0610;
				ORGANIZATIONNAME = Fresco;
				TargetAttributes = {
					1EDA44AF1AA4CCC70082E08D = {
						CreatedOnToolsVersion = 6.1.1;
					};
					1EDA44CB1AA4CCC70082E08D = {
						CreatedOnToolsVersion = 6.1.1;
						TestTargetID = 1EDA44AF1AA4CCC70082E08D;
					};
				};
			};
			buildConfigurationList = 1EDA44AB1AA4CCC70082E08D /* Build configuration list for PBXProject "FrescoNews" */;
			compatibilityVersion = "Xcode 3.2";
			developmentRegion = English;
			hasScannedForEncodings = 0;
			knownRegions = (
				en,
				Base,
			);
			mainGroup = 1EDA44A71AA4CCC70082E08D;
			productRefGroup = 1EDA44B11AA4CCC70082E08D /* Products */;
			projectDirPath = "";
			projectRoot = "";
			targets = (
				1EDA44AF1AA4CCC70082E08D /* FrescoNews */,
				1EDA44CB1AA4CCC70082E08D /* FrescoNewsTests */,
			);
		};
/* End PBXProject section */

/* Begin PBXResourcesBuildPhase section */
		1EDA44AE1AA4CCC70082E08D /* Resources */ = {
			isa = PBXResourcesBuildPhase;
			buildActionMask = 2147483647;
			files = (
				1EDA44C21AA4CCC70082E08D /* Main.storyboard in Resources */,
				1EDA44C71AA4CCC70082E08D /* LaunchScreen.xib in Resources */,
				1EDA44C41AA4CCC70082E08D /* Images.xcassets in Resources */,
			);
			runOnlyForDeploymentPostprocessing = 0;
		};
		1EDA44CA1AA4CCC70082E08D /* Resources */ = {
			isa = PBXResourcesBuildPhase;
			buildActionMask = 2147483647;
			files = (
			);
			runOnlyForDeploymentPostprocessing = 0;
		};
/* End PBXResourcesBuildPhase section */

/* Begin PBXSourcesBuildPhase section */
		1EDA44AC1AA4CCC70082E08D /* Sources */ = {
			isa = PBXSourcesBuildPhase;
			buildActionMask = 2147483647;
			files = (
				1EDA44BF1AA4CCC70082E08D /* SecondViewController.m in Sources */,
				1EDA44B91AA4CCC70082E08D /* AppDelegate.m in Sources */,
				1EDA44BC1AA4CCC70082E08D /* FirstViewController.m in Sources */,
				1EDA44B61AA4CCC70082E08D /* main.m in Sources */,
			);
			runOnlyForDeploymentPostprocessing = 0;
		};
		1EDA44C81AA4CCC70082E08D /* Sources */ = {
			isa = PBXSourcesBuildPhase;
			buildActionMask = 2147483647;
			files = (
				1EDA44D31AA4CCC70082E08D /* FrescoNewsTests.m in Sources */,
			);
			runOnlyForDeploymentPostprocessing = 0;
		};
/* End PBXSourcesBuildPhase section */

/* Begin PBXTargetDependency section */
		1EDA44CE1AA4CCC70082E08D /* PBXTargetDependency */ = {
			isa = PBXTargetDependency;
			target = 1EDA44AF1AA4CCC70082E08D /* FrescoNews */;
			targetProxy = 1EDA44CD1AA4CCC70082E08D /* PBXContainerItemProxy */;
		};
/* End PBXTargetDependency section */

/* Begin PBXVariantGroup section */
		1EDA44C01AA4CCC70082E08D /* Main.storyboard */ = {
			isa = PBXVariantGroup;
			children = (
				1EDA44C11AA4CCC70082E08D /* Base */,
			);
			name = Main.storyboard;
			sourceTree = "<group>";
		};
		1EDA44C51AA4CCC70082E08D /* LaunchScreen.xib */ = {
			isa = PBXVariantGroup;
			children = (
				1EDA44C61AA4CCC70082E08D /* Base */,
			);
			name = LaunchScreen.xib;
			sourceTree = "<group>";
		};
/* End PBXVariantGroup section */

/* Begin XCBuildConfiguration section */
		1EDA44D41AA4CCC70082E08D /* Debug */ = {
			isa = XCBuildConfiguration;
			buildSettings = {
				ALWAYS_SEARCH_USER_PATHS = NO;
				CLANG_CXX_LANGUAGE_STANDARD = "gnu++0x";
				CLANG_CXX_LIBRARY = "libc++";
				CLANG_ENABLE_MODULES = YES;
				CLANG_ENABLE_OBJC_ARC = YES;
				CLANG_WARN_BOOL_CONVERSION = YES;
				CLANG_WARN_CONSTANT_CONVERSION = YES;
				CLANG_WARN_DIRECT_OBJC_ISA_USAGE = YES_ERROR;
				CLANG_WARN_EMPTY_BODY = YES;
				CLANG_WARN_ENUM_CONVERSION = YES;
				CLANG_WARN_INT_CONVERSION = YES;
				CLANG_WARN_OBJC_ROOT_CLASS = YES_ERROR;
				CLANG_WARN_UNREACHABLE_CODE = YES;
				CLANG_WARN__DUPLICATE_METHOD_MATCH = YES;
				"CODE_SIGN_IDENTITY[sdk=iphoneos*]" = "iPhone Developer";
				COPY_PHASE_STRIP = NO;
				ENABLE_STRICT_OBJC_MSGSEND = YES;
				GCC_C_LANGUAGE_STANDARD = gnu99;
				GCC_DYNAMIC_NO_PIC = NO;
				GCC_OPTIMIZATION_LEVEL = 0;
				GCC_PREPROCESSOR_DEFINITIONS = (
					"DEBUG=1",
					"$(inherited)",
				);
				GCC_SYMBOLS_PRIVATE_EXTERN = NO;
				GCC_WARN_64_TO_32_BIT_CONVERSION = YES;
				GCC_WARN_ABOUT_RETURN_TYPE = YES_ERROR;
				GCC_WARN_UNDECLARED_SELECTOR = YES;
				GCC_WARN_UNINITIALIZED_AUTOS = YES_AGGRESSIVE;
				GCC_WARN_UNUSED_FUNCTION = YES;
				GCC_WARN_UNUSED_VARIABLE = YES;
				IPHONEOS_DEPLOYMENT_TARGET = 8.1;
				MTL_ENABLE_DEBUG_INFO = YES;
				ONLY_ACTIVE_ARCH = YES;
				SDKROOT = iphoneos;
			};
			name = Debug;
		};
		1EDA44D51AA4CCC70082E08D /* Release */ = {
			isa = XCBuildConfiguration;
			buildSettings = {
				ALWAYS_SEARCH_USER_PATHS = NO;
				CLANG_CXX_LANGUAGE_STANDARD = "gnu++0x";
				CLANG_CXX_LIBRARY = "libc++";
				CLANG_ENABLE_MODULES = YES;
				CLANG_ENABLE_OBJC_ARC = YES;
				CLANG_WARN_BOOL_CONVERSION = YES;
				CLANG_WARN_CONSTANT_CONVERSION = YES;
				CLANG_WARN_DIRECT_OBJC_ISA_USAGE = YES_ERROR;
				CLANG_WARN_EMPTY_BODY = YES;
				CLANG_WARN_ENUM_CONVERSION = YES;
				CLANG_WARN_INT_CONVERSION = YES;
				CLANG_WARN_OBJC_ROOT_CLASS = YES_ERROR;
				CLANG_WARN_UNREACHABLE_CODE = YES;
				CLANG_WARN__DUPLICATE_METHOD_MATCH = YES;
				"CODE_SIGN_IDENTITY[sdk=iphoneos*]" = "iPhone Developer";
				COPY_PHASE_STRIP = YES;
				ENABLE_NS_ASSERTIONS = NO;
				ENABLE_STRICT_OBJC_MSGSEND = YES;
				GCC_C_LANGUAGE_STANDARD = gnu99;
				GCC_WARN_64_TO_32_BIT_CONVERSION = YES;
				GCC_WARN_ABOUT_RETURN_TYPE = YES_ERROR;
				GCC_WARN_UNDECLARED_SELECTOR = YES;
				GCC_WARN_UNINITIALIZED_AUTOS = YES_AGGRESSIVE;
				GCC_WARN_UNUSED_FUNCTION = YES;
				GCC_WARN_UNUSED_VARIABLE = YES;
				IPHONEOS_DEPLOYMENT_TARGET = 8.1;
				MTL_ENABLE_DEBUG_INFO = NO;
				SDKROOT = iphoneos;
				VALIDATE_PRODUCT = YES;
			};
			name = Release;
		};
		1EDA44D71AA4CCC70082E08D /* Debug */ = {
			isa = XCBuildConfiguration;
			buildSettings = {
				ASSETCATALOG_COMPILER_APPICON_NAME = AppIcon;
				INFOPLIST_FILE = FrescoNews/Info.plist;
				LD_RUNPATH_SEARCH_PATHS = "$(inherited) @executable_path/Frameworks";
				PRODUCT_NAME = "$(TARGET_NAME)";
			};
			name = Debug;
		};
		1EDA44D81AA4CCC70082E08D /* Release */ = {
			isa = XCBuildConfiguration;
			buildSettings = {
				ASSETCATALOG_COMPILER_APPICON_NAME = AppIcon;
				INFOPLIST_FILE = FrescoNews/Info.plist;
				LD_RUNPATH_SEARCH_PATHS = "$(inherited) @executable_path/Frameworks";
				PRODUCT_NAME = "$(TARGET_NAME)";
			};
			name = Release;
		};
		1EDA44DA1AA4CCC70082E08D /* Debug */ = {
			isa = XCBuildConfiguration;
			buildSettings = {
				BUNDLE_LOADER = "$(TEST_HOST)";
				FRAMEWORK_SEARCH_PATHS = (
					"$(SDKROOT)/Developer/Library/Frameworks",
					"$(inherited)",
				);
				GCC_PREPROCESSOR_DEFINITIONS = (
					"DEBUG=1",
					"$(inherited)",
				);
				INFOPLIST_FILE = FrescoNewsTests/Info.plist;
				LD_RUNPATH_SEARCH_PATHS = "$(inherited) @executable_path/Frameworks @loader_path/Frameworks";
				PRODUCT_NAME = "$(TARGET_NAME)";
				TEST_HOST = "$(BUILT_PRODUCTS_DIR)/FrescoNews.app/FrescoNews";
			};
			name = Debug;
		};
		1EDA44DB1AA4CCC70082E08D /* Release */ = {
			isa = XCBuildConfiguration;
			buildSettings = {
				BUNDLE_LOADER = "$(TEST_HOST)";
				FRAMEWORK_SEARCH_PATHS = (
					"$(SDKROOT)/Developer/Library/Frameworks",
					"$(inherited)",
				);
				INFOPLIST_FILE = FrescoNewsTests/Info.plist;
				LD_RUNPATH_SEARCH_PATHS = "$(inherited) @executable_path/Frameworks @loader_path/Frameworks";
				PRODUCT_NAME = "$(TARGET_NAME)";
				TEST_HOST = "$(BUILT_PRODUCTS_DIR)/FrescoNews.app/FrescoNews";
			};
			name = Release;
		};
/* End XCBuildConfiguration section */

/* Begin XCConfigurationList section */
		1EDA44AB1AA4CCC70082E08D /* Build configuration list for PBXProject "FrescoNews" */ = {
			isa = XCConfigurationList;
			buildConfigurations = (
				1EDA44D41AA4CCC70082E08D /* Debug */,
				1EDA44D51AA4CCC70082E08D /* Release */,
			);
			defaultConfigurationIsVisible = 0;
			defaultConfigurationName = Release;
		};
		1EDA44D61AA4CCC70082E08D /* Build configuration list for PBXNativeTarget "FrescoNews" */ = {
			isa = XCConfigurationList;
			buildConfigurations = (
				1EDA44D71AA4CCC70082E08D /* Debug */,
				1EDA44D81AA4CCC70082E08D /* Release */,
			);
			defaultConfigurationIsVisible = 0;
		};
		1EDA44D91AA4CCC70082E08D /* Build configuration list for PBXNativeTarget "FrescoNewsTests" */ = {
			isa = XCConfigurationList;
			buildConfigurations = (
				1EDA44DA1AA4CCC70082E08D /* Debug */,
				1EDA44DB1AA4CCC70082E08D /* Release */,
			);
			defaultConfigurationIsVisible = 0;
		};
/* End XCConfigurationList section */
	};
	rootObject = 1EDA44A81AA4CCC70082E08D /* Project object */;
}
