// !$*UTF8*$!
{
	archiveVersion = 1;
	classes = {
	};
	objectVersion = 46;
	objects = {

/* Begin PBXBuildFile section */
		1E408B751AA799750057AC16 /* UIColor+Additions.m in Sources */ = {isa = PBXBuildFile; fileRef = 1E408B741AA799750057AC16 /* UIColor+Additions.m */; };
		1E408B7A1AA7A4580057AC16 /* BaseNavigationController.m in Sources */ = {isa = PBXBuildFile; fileRef = 1E408B791AA7A4580057AC16 /* BaseNavigationController.m */; };
		1E408B7D1AA7C4ED0057AC16 /* UIViewController+Additions.m in Sources */ = {isa = PBXBuildFile; fileRef = 1E408B7C1AA7C4ED0057AC16 /* UIViewController+Additions.m */; };
		1ED9A3251AA9FAB9009BD7A3 /* VariableStore.m in Sources */ = {isa = PBXBuildFile; fileRef = 1ED9A3241AA9FAB9009BD7A3 /* VariableStore.m */; };
		1ED9A3281AA9FFB6009BD7A3 /* CameraViewController.m in Sources */ = {isa = PBXBuildFile; fileRef = 1ED9A3271AA9FFB6009BD7A3 /* CameraViewController.m */; };
		1ED9A32B1AA9FFE3009BD7A3 /* AssignmentsViewController.m in Sources */ = {isa = PBXBuildFile; fileRef = 1ED9A32A1AA9FFE3009BD7A3 /* AssignmentsViewController.m */; };
		1ED9A32E1AAA0009009BD7A3 /* ProfileViewController.m in Sources */ = {isa = PBXBuildFile; fileRef = 1ED9A32D1AAA0009009BD7A3 /* ProfileViewController.m */; };
		1EDA44B61AA4CCC70082E08D /* main.m in Sources */ = {isa = PBXBuildFile; fileRef = 1EDA44B51AA4CCC70082E08D /* main.m */; };
		1EDA44B91AA4CCC70082E08D /* AppDelegate.m in Sources */ = {isa = PBXBuildFile; fileRef = 1EDA44B81AA4CCC70082E08D /* AppDelegate.m */; };
		1EDA44BC1AA4CCC70082E08D /* HomeViewController.m in Sources */ = {isa = PBXBuildFile; fileRef = 1EDA44BB1AA4CCC70082E08D /* HomeViewController.m */; };
		1EDA44BF1AA4CCC70082E08D /* StoriesViewController.m in Sources */ = {isa = PBXBuildFile; fileRef = 1EDA44BE1AA4CCC70082E08D /* StoriesViewController.m */; };
		1EDA44C21AA4CCC70082E08D /* Main.storyboard in Resources */ = {isa = PBXBuildFile; fileRef = 1EDA44C01AA4CCC70082E08D /* Main.storyboard */; };
		1EDA44C41AA4CCC70082E08D /* Images.xcassets in Resources */ = {isa = PBXBuildFile; fileRef = 1EDA44C31AA4CCC70082E08D /* Images.xcassets */; };
		1EDA44C71AA4CCC70082E08D /* LaunchScreen.xib in Resources */ = {isa = PBXBuildFile; fileRef = 1EDA44C51AA4CCC70082E08D /* LaunchScreen.xib */; };
		1EDA44D31AA4CCC70082E08D /* FrescoNewsTests.m in Sources */ = {isa = PBXBuildFile; fileRef = 1EDA44D21AA4CCC70082E08D /* FrescoNewsTests.m */; };
		1EDA45001AA4D0730082E08D /* FRSPost.m in Sources */ = {isa = PBXBuildFile; fileRef = 1EDA44F61AA4D0730082E08D /* FRSPost.m */; };
		1EDA45011AA4D0730082E08D /* FRSTag.m in Sources */ = {isa = PBXBuildFile; fileRef = 1EDA44F91AA4D0730082E08D /* FRSTag.m */; };
		1EDA45021AA4D0730082E08D /* FRSTradionalSource.m in Sources */ = {isa = PBXBuildFile; fileRef = 1EDA44FC1AA4D0730082E08D /* FRSTradionalSource.m */; };
		1EDA45031AA4D0730082E08D /* FRSUser.m in Sources */ = {isa = PBXBuildFile; fileRef = 1EDA44FF1AA4D0730082E08D /* FRSUser.m */; };
		1EDA450A1AA4D1240082E08D /* NSDate+RelativeDate.m in Sources */ = {isa = PBXBuildFile; fileRef = 1EDA45091AA4D1240082E08D /* NSDate+RelativeDate.m */; };
		1EDA450D1AA4E2BD0082E08D /* PostView.m in Sources */ = {isa = PBXBuildFile; fileRef = 1EDA450C1AA4E2BD0082E08D /* PostView.m */; };
		1EDA45121AA4F8640082E08D /* FRSStoryListCell.m in Sources */ = {isa = PBXBuildFile; fileRef = 1EDA45101AA4F8640082E08D /* FRSStoryListCell.m */; };
		1EDA45131AA4F8640082E08D /* FRSStoryListCell.xib in Resources */ = {isa = PBXBuildFile; fileRef = 1EDA45111AA4F8640082E08D /* FRSStoryListCell.xib */; };
		1EDA45161AA500EE0082E08D /* FRSDataManager.m in Sources */ = {isa = PBXBuildFile; fileRef = 1EDA45151AA500EE0082E08D /* FRSDataManager.m */; };
		1EDA451A1AA506360082E08D /* NSFileManager+Additions.m in Sources */ = {isa = PBXBuildFile; fileRef = 1EDA45191AA506360082E08D /* NSFileManager+Additions.m */; };
		1EDA451D1AA5067A0082E08D /* ASIFormDataRequest+Array.m in Sources */ = {isa = PBXBuildFile; fileRef = 1EDA451C1AA5067A0082E08D /* ASIFormDataRequest+Array.m */; };
		423A14551AB327CA0030DAF4 /* CameraViewControllerLandscape.m in Sources */ = {isa = PBXBuildFile; fileRef = 423A14541AB327CA0030DAF4 /* CameraViewControllerLandscape.m */; };
		423A14571AB329F40030DAF4 /* towel.png in Resources */ = {isa = PBXBuildFile; fileRef = 423A14561AB329F40030DAF4 /* towel.png */; };
		42B743771AA7C15B003F2478 /* FRSStoryListCellOrig.xib in Resources */ = {isa = PBXBuildFile; fileRef = 42B743761AA7C15B003F2478 /* FRSStoryListCellOrig.xib */; };
		80AA49FED257B703E367D68E /* libPods.a in Frameworks */ = {isa = PBXBuildFile; fileRef = 96C32138EB19F136689A3D6B /* libPods.a */; };
/* End PBXBuildFile section */

/* Begin PBXContainerItemProxy section */
		1EDA44CD1AA4CCC70082E08D /* PBXContainerItemProxy */ = {
			isa = PBXContainerItemProxy;
			containerPortal = 1EDA44A81AA4CCC70082E08D /* Project object */;
			proxyType = 1;
			remoteGlobalIDString = 1EDA44AF1AA4CCC70082E08D;
			remoteInfo = FrescoNews;
		};
/* End PBXContainerItemProxy section */

/* Begin PBXFileReference section */
		1E408B731AA799750057AC16 /* UIColor+Additions.h */ = {isa = PBXFileReference; fileEncoding = 4; lastKnownFileType = sourcecode.c.h; path = "UIColor+Additions.h"; sourceTree = "<group>"; };
		1E408B741AA799750057AC16 /* UIColor+Additions.m */ = {isa = PBXFileReference; fileEncoding = 4; lastKnownFileType = sourcecode.c.objc; path = "UIColor+Additions.m"; sourceTree = "<group>"; };
		1E408B761AA79A370057AC16 /* PrefixHeader.pch */ = {isa = PBXFileReference; lastKnownFileType = sourcecode.c.h; path = PrefixHeader.pch; sourceTree = "<group>"; };
		1E408B781AA7A4580057AC16 /* BaseNavigationController.h */ = {isa = PBXFileReference; fileEncoding = 4; lastKnownFileType = sourcecode.c.h; path = BaseNavigationController.h; sourceTree = "<group>"; };
		1E408B791AA7A4580057AC16 /* BaseNavigationController.m */ = {isa = PBXFileReference; fileEncoding = 4; lastKnownFileType = sourcecode.c.objc; path = BaseNavigationController.m; sourceTree = "<group>"; };
		1E408B7B1AA7C4DC0057AC16 /* UIViewController+Additions.h */ = {isa = PBXFileReference; fileEncoding = 4; lastKnownFileType = sourcecode.c.h; path = "UIViewController+Additions.h"; sourceTree = "<group>"; };
		1E408B7C1AA7C4ED0057AC16 /* UIViewController+Additions.m */ = {isa = PBXFileReference; fileEncoding = 4; lastKnownFileType = sourcecode.c.objc; path = "UIViewController+Additions.m"; sourceTree = "<group>"; };
		1ED9A3231AA9FAB9009BD7A3 /* VariableStore.h */ = {isa = PBXFileReference; fileEncoding = 4; lastKnownFileType = sourcecode.c.h; path = VariableStore.h; sourceTree = "<group>"; };
		1ED9A3241AA9FAB9009BD7A3 /* VariableStore.m */ = {isa = PBXFileReference; fileEncoding = 4; lastKnownFileType = sourcecode.c.objc; path = VariableStore.m; sourceTree = "<group>"; };
		1ED9A3261AA9FFB6009BD7A3 /* CameraViewController.h */ = {isa = PBXFileReference; fileEncoding = 4; lastKnownFileType = sourcecode.c.h; path = CameraViewController.h; sourceTree = "<group>"; };
		1ED9A3271AA9FFB6009BD7A3 /* CameraViewController.m */ = {isa = PBXFileReference; fileEncoding = 4; lastKnownFileType = sourcecode.c.objc; path = CameraViewController.m; sourceTree = "<group>"; };
		1ED9A3291AA9FFE3009BD7A3 /* AssignmentsViewController.h */ = {isa = PBXFileReference; fileEncoding = 4; lastKnownFileType = sourcecode.c.h; path = AssignmentsViewController.h; sourceTree = "<group>"; };
		1ED9A32A1AA9FFE3009BD7A3 /* AssignmentsViewController.m */ = {isa = PBXFileReference; fileEncoding = 4; lastKnownFileType = sourcecode.c.objc; path = AssignmentsViewController.m; sourceTree = "<group>"; };
		1ED9A32C1AAA0009009BD7A3 /* ProfileViewController.h */ = {isa = PBXFileReference; fileEncoding = 4; lastKnownFileType = sourcecode.c.h; path = ProfileViewController.h; sourceTree = "<group>"; };
		1ED9A32D1AAA0009009BD7A3 /* ProfileViewController.m */ = {isa = PBXFileReference; fileEncoding = 4; lastKnownFileType = sourcecode.c.objc; path = ProfileViewController.m; sourceTree = "<group>"; };
		1EDA44B01AA4CCC70082E08D /* FrescoNews.app */ = {isa = PBXFileReference; explicitFileType = wrapper.application; includeInIndex = 0; path = FrescoNews.app; sourceTree = BUILT_PRODUCTS_DIR; };
		1EDA44B41AA4CCC70082E08D /* Info.plist */ = {isa = PBXFileReference; lastKnownFileType = text.plist.xml; path = Info.plist; sourceTree = "<group>"; };
		1EDA44B51AA4CCC70082E08D /* main.m */ = {isa = PBXFileReference; lastKnownFileType = sourcecode.c.objc; path = main.m; sourceTree = "<group>"; };
		1EDA44B71AA4CCC70082E08D /* AppDelegate.h */ = {isa = PBXFileReference; lastKnownFileType = sourcecode.c.h; path = AppDelegate.h; sourceTree = "<group>"; };
		1EDA44B81AA4CCC70082E08D /* AppDelegate.m */ = {isa = PBXFileReference; lastKnownFileType = sourcecode.c.objc; path = AppDelegate.m; sourceTree = "<group>"; };
		1EDA44BA1AA4CCC70082E08D /* HomeViewController.h */ = {isa = PBXFileReference; lastKnownFileType = sourcecode.c.h; path = HomeViewController.h; sourceTree = "<group>"; };
		1EDA44BB1AA4CCC70082E08D /* HomeViewController.m */ = {isa = PBXFileReference; lastKnownFileType = sourcecode.c.objc; path = HomeViewController.m; sourceTree = "<group>"; };
		1EDA44BD1AA4CCC70082E08D /* StoriesViewController.h */ = {isa = PBXFileReference; lastKnownFileType = sourcecode.c.h; path = StoriesViewController.h; sourceTree = "<group>"; };
		1EDA44BE1AA4CCC70082E08D /* StoriesViewController.m */ = {isa = PBXFileReference; lastKnownFileType = sourcecode.c.objc; path = StoriesViewController.m; sourceTree = "<group>"; };
		1EDA44C11AA4CCC70082E08D /* Base */ = {isa = PBXFileReference; lastKnownFileType = file.storyboard; name = Base; path = Base.lproj/Main.storyboard; sourceTree = "<group>"; };
		1EDA44C31AA4CCC70082E08D /* Images.xcassets */ = {isa = PBXFileReference; lastKnownFileType = folder.assetcatalog; path = Images.xcassets; sourceTree = "<group>"; };
		1EDA44C61AA4CCC70082E08D /* Base */ = {isa = PBXFileReference; lastKnownFileType = file.xib; name = Base; path = Base.lproj/LaunchScreen.xib; sourceTree = "<group>"; };
		1EDA44CC1AA4CCC70082E08D /* FrescoNewsTests.xctest */ = {isa = PBXFileReference; explicitFileType = wrapper.cfbundle; includeInIndex = 0; path = FrescoNewsTests.xctest; sourceTree = BUILT_PRODUCTS_DIR; };
		1EDA44D11AA4CCC70082E08D /* Info.plist */ = {isa = PBXFileReference; lastKnownFileType = text.plist.xml; path = Info.plist; sourceTree = "<group>"; };
		1EDA44D21AA4CCC70082E08D /* FrescoNewsTests.m */ = {isa = PBXFileReference; lastKnownFileType = sourcecode.c.objc; path = FrescoNewsTests.m; sourceTree = "<group>"; };
		1EDA44F51AA4D0730082E08D /* FRSPost.h */ = {isa = PBXFileReference; fileEncoding = 4; lastKnownFileType = sourcecode.c.h; path = FRSPost.h; sourceTree = "<group>"; };
		1EDA44F61AA4D0730082E08D /* FRSPost.m */ = {isa = PBXFileReference; fileEncoding = 4; lastKnownFileType = sourcecode.c.objc; path = FRSPost.m; sourceTree = "<group>"; };
		1EDA44F81AA4D0730082E08D /* FRSTag.h */ = {isa = PBXFileReference; fileEncoding = 4; lastKnownFileType = sourcecode.c.h; path = FRSTag.h; sourceTree = "<group>"; };
		1EDA44F91AA4D0730082E08D /* FRSTag.m */ = {isa = PBXFileReference; fileEncoding = 4; lastKnownFileType = sourcecode.c.objc; path = FRSTag.m; sourceTree = "<group>"; };
		1EDA44FB1AA4D0730082E08D /* FRSTradionalSource.h */ = {isa = PBXFileReference; fileEncoding = 4; lastKnownFileType = sourcecode.c.h; path = FRSTradionalSource.h; sourceTree = "<group>"; };
		1EDA44FC1AA4D0730082E08D /* FRSTradionalSource.m */ = {isa = PBXFileReference; fileEncoding = 4; lastKnownFileType = sourcecode.c.objc; path = FRSTradionalSource.m; sourceTree = "<group>"; };
		1EDA44FE1AA4D0730082E08D /* FRSUser.h */ = {isa = PBXFileReference; fileEncoding = 4; lastKnownFileType = sourcecode.c.h; path = FRSUser.h; sourceTree = "<group>"; };
		1EDA44FF1AA4D0730082E08D /* FRSUser.m */ = {isa = PBXFileReference; fileEncoding = 4; lastKnownFileType = sourcecode.c.objc; path = FRSUser.m; sourceTree = "<group>"; };
		1EDA45081AA4D1240082E08D /* NSDate+RelativeDate.h */ = {isa = PBXFileReference; fileEncoding = 4; lastKnownFileType = sourcecode.c.h; path = "NSDate+RelativeDate.h"; sourceTree = "<group>"; };
		1EDA45091AA4D1240082E08D /* NSDate+RelativeDate.m */ = {isa = PBXFileReference; fileEncoding = 4; lastKnownFileType = sourcecode.c.objc; path = "NSDate+RelativeDate.m"; sourceTree = "<group>"; };
		1EDA450B1AA4E2BD0082E08D /* PostView.h */ = {isa = PBXFileReference; fileEncoding = 4; lastKnownFileType = sourcecode.c.h; name = PostView.h; path = Views/PostView.h; sourceTree = "<group>"; };
		1EDA450C1AA4E2BD0082E08D /* PostView.m */ = {isa = PBXFileReference; fileEncoding = 4; lastKnownFileType = sourcecode.c.objc; name = PostView.m; path = Views/PostView.m; sourceTree = "<group>"; };
		1EDA450F1AA4F8640082E08D /* FRSStoryListCell.h */ = {isa = PBXFileReference; fileEncoding = 4; lastKnownFileType = sourcecode.c.h; path = FRSStoryListCell.h; sourceTree = "<group>"; };
		1EDA45101AA4F8640082E08D /* FRSStoryListCell.m */ = {isa = PBXFileReference; fileEncoding = 4; lastKnownFileType = sourcecode.c.objc; path = FRSStoryListCell.m; sourceTree = "<group>"; };
		1EDA45111AA4F8640082E08D /* FRSStoryListCell.xib */ = {isa = PBXFileReference; fileEncoding = 4; lastKnownFileType = file.xib; path = FRSStoryListCell.xib; sourceTree = "<group>"; };
		1EDA45141AA500EE0082E08D /* FRSDataManager.h */ = {isa = PBXFileReference; fileEncoding = 4; lastKnownFileType = sourcecode.c.h; path = FRSDataManager.h; sourceTree = "<group>"; };
		1EDA45151AA500EE0082E08D /* FRSDataManager.m */ = {isa = PBXFileReference; fileEncoding = 4; lastKnownFileType = sourcecode.c.objc; path = FRSDataManager.m; sourceTree = "<group>"; };
		1EDA45181AA506360082E08D /* NSFileManager+Additions.h */ = {isa = PBXFileReference; fileEncoding = 4; lastKnownFileType = sourcecode.c.h; path = "NSFileManager+Additions.h"; sourceTree = "<group>"; };
		1EDA45191AA506360082E08D /* NSFileManager+Additions.m */ = {isa = PBXFileReference; fileEncoding = 4; lastKnownFileType = sourcecode.c.objc; path = "NSFileManager+Additions.m"; sourceTree = "<group>"; };
		1EDA451B1AA5067A0082E08D /* ASIFormDataRequest+Array.h */ = {isa = PBXFileReference; fileEncoding = 4; lastKnownFileType = sourcecode.c.h; path = "ASIFormDataRequest+Array.h"; sourceTree = "<group>"; };
		1EDA451C1AA5067A0082E08D /* ASIFormDataRequest+Array.m */ = {isa = PBXFileReference; fileEncoding = 4; lastKnownFileType = sourcecode.c.objc; path = "ASIFormDataRequest+Array.m"; sourceTree = "<group>"; };
		39F7235CF7EC3BCFC47F1053 /* Pods.debug.xcconfig */ = {isa = PBXFileReference; includeInIndex = 1; lastKnownFileType = text.xcconfig; name = Pods.debug.xcconfig; path = "Pods/Target Support Files/Pods/Pods.debug.xcconfig"; sourceTree = "<group>"; };
		423A14531AB327CA0030DAF4 /* CameraViewControllerLandscape.h */ = {isa = PBXFileReference; fileEncoding = 4; lastKnownFileType = sourcecode.c.h; path = CameraViewControllerLandscape.h; sourceTree = "<group>"; };
		423A14541AB327CA0030DAF4 /* CameraViewControllerLandscape.m */ = {isa = PBXFileReference; fileEncoding = 4; lastKnownFileType = sourcecode.c.objc; path = CameraViewControllerLandscape.m; sourceTree = "<group>"; };
		423A14561AB329F40030DAF4 /* towel.png */ = {isa = PBXFileReference; lastKnownFileType = image.png; path = towel.png; sourceTree = "<group>"; };
		42B743761AA7C15B003F2478 /* FRSStoryListCellOrig.xib */ = {isa = PBXFileReference; fileEncoding = 4; lastKnownFileType = file.xib; path = FRSStoryListCellOrig.xib; sourceTree = "<group>"; };
		96C32138EB19F136689A3D6B /* libPods.a */ = {isa = PBXFileReference; explicitFileType = archive.ar; includeInIndex = 0; path = libPods.a; sourceTree = BUILT_PRODUCTS_DIR; };
		9B00AAFE2B00421BABBC07D6 /* Pods.release.xcconfig */ = {isa = PBXFileReference; includeInIndex = 1; lastKnownFileType = text.xcconfig; name = Pods.release.xcconfig; path = "Pods/Target Support Files/Pods/Pods.release.xcconfig"; sourceTree = "<group>"; };
/* End PBXFileReference section */

/* Begin PBXFrameworksBuildPhase section */
		1EDA44AD1AA4CCC70082E08D /* Frameworks */ = {
			isa = PBXFrameworksBuildPhase;
			buildActionMask = 2147483647;
			files = (
				80AA49FED257B703E367D68E /* libPods.a in Frameworks */,
			);
			runOnlyForDeploymentPostprocessing = 0;
		};
		1EDA44C91AA4CCC70082E08D /* Frameworks */ = {
			isa = PBXFrameworksBuildPhase;
			buildActionMask = 2147483647;
			files = (
			);
			runOnlyForDeploymentPostprocessing = 0;
		};
/* End PBXFrameworksBuildPhase section */

/* Begin PBXGroup section */
		1B35C7E2C0D16DEBE7A411F8 /* Frameworks */ = {
			isa = PBXGroup;
			children = (
				96C32138EB19F136689A3D6B /* libPods.a */,
			);
			name = Frameworks;
			sourceTree = "<group>";
		};
		1E408B771AA7A40A0057AC16 /* Base Classes */ = {
			isa = PBXGroup;
			children = (
				1E408B781AA7A4580057AC16 /* BaseNavigationController.h */,
				1E408B791AA7A4580057AC16 /* BaseNavigationController.m */,
			);
			name = "Base Classes";
			sourceTree = "<group>";
		};
		1EDA44A71AA4CCC70082E08D = {
			isa = PBXGroup;
			children = (
				1EDA44B21AA4CCC70082E08D /* FrescoNews */,
				1EDA44CF1AA4CCC70082E08D /* FrescoNewsTests */,
				1EDA44B11AA4CCC70082E08D /* Products */,
				BE77E1E79885C4C61AC87E44 /* Pods */,
				1B35C7E2C0D16DEBE7A411F8 /* Frameworks */,
			);
			sourceTree = "<group>";
		};
		1EDA44B11AA4CCC70082E08D /* Products */ = {
			isa = PBXGroup;
			children = (
				1EDA44B01AA4CCC70082E08D /* FrescoNews.app */,
				1EDA44CC1AA4CCC70082E08D /* FrescoNewsTests.xctest */,
			);
			name = Products;
			sourceTree = "<group>";
		};
		1EDA44B21AA4CCC70082E08D /* FrescoNews */ = {
			isa = PBXGroup;
			children = (
				1E408B771AA7A40A0057AC16 /* Base Classes */,
				1EDA45041AA4D0B10082E08D /* Categories */,
				1EDA44DF1AA4CD0D0082E08D /* Singletons */,
				1EDA44F31AA4D0730082E08D /* Models */,
				1EDA44DD1AA4CCF20082E08D /* Views */,
				1EDA44DE1AA4CCFB0082E08D /* View Controllers */,
				423A14561AB329F40030DAF4 /* towel.png */,
				1EDA44B71AA4CCC70082E08D /* AppDelegate.h */,
				1EDA44B81AA4CCC70082E08D /* AppDelegate.m */,
				1EDA44C01AA4CCC70082E08D /* Main.storyboard */,
				1EDA44C31AA4CCC70082E08D /* Images.xcassets */,
				1EDA44C51AA4CCC70082E08D /* LaunchScreen.xib */,
				1EDA44B31AA4CCC70082E08D /* Supporting Files */,
				1ED9A3231AA9FAB9009BD7A3 /* VariableStore.h */,
				1ED9A3241AA9FAB9009BD7A3 /* VariableStore.m */,
			);
			path = FrescoNews;
			sourceTree = "<group>";
		};
		1EDA44B31AA4CCC70082E08D /* Supporting Files */ = {
			isa = PBXGroup;
			children = (
				1E408B761AA79A370057AC16 /* PrefixHeader.pch */,
				1EDA44B41AA4CCC70082E08D /* Info.plist */,
				1EDA44B51AA4CCC70082E08D /* main.m */,
			);
			name = "Supporting Files";
			sourceTree = "<group>";
		};
		1EDA44CF1AA4CCC70082E08D /* FrescoNewsTests */ = {
			isa = PBXGroup;
			children = (
				1EDA44D21AA4CCC70082E08D /* FrescoNewsTests.m */,
				1EDA44D01AA4CCC70082E08D /* Supporting Files */,
			);
			path = FrescoNewsTests;
			sourceTree = "<group>";
		};
		1EDA44D01AA4CCC70082E08D /* Supporting Files */ = {
			isa = PBXGroup;
			children = (
				1EDA44D11AA4CCC70082E08D /* Info.plist */,
			);
			name = "Supporting Files";
			sourceTree = "<group>";
		};
		1EDA44DD1AA4CCF20082E08D /* Views */ = {
			isa = PBXGroup;
			children = (
				1EDA450E1AA4F8640082E08D /* ListView */,
				1EDA450B1AA4E2BD0082E08D /* PostView.h */,
				1EDA450C1AA4E2BD0082E08D /* PostView.m */,
			);
			name = Views;
			sourceTree = "<group>";
		};
		1EDA44DE1AA4CCFB0082E08D /* View Controllers */ = {
			isa = PBXGroup;
			children = (
				423A14531AB327CA0030DAF4 /* CameraViewControllerLandscape.h */,
				423A14541AB327CA0030DAF4 /* CameraViewControllerLandscape.m */,
				1EDA44BA1AA4CCC70082E08D /* HomeViewController.h */,
				1EDA44BB1AA4CCC70082E08D /* HomeViewController.m */,
				1EDA44BD1AA4CCC70082E08D /* StoriesViewController.h */,
				1EDA44BE1AA4CCC70082E08D /* StoriesViewController.m */,
				1ED9A3261AA9FFB6009BD7A3 /* CameraViewController.h */,
				1ED9A3271AA9FFB6009BD7A3 /* CameraViewController.m */,
				1ED9A3291AA9FFE3009BD7A3 /* AssignmentsViewController.h */,
				1ED9A32A1AA9FFE3009BD7A3 /* AssignmentsViewController.m */,
				1ED9A32C1AAA0009009BD7A3 /* ProfileViewController.h */,
				1ED9A32D1AAA0009009BD7A3 /* ProfileViewController.m */,
			);
			name = "View Controllers";
			sourceTree = "<group>";
		};
		1EDA44DF1AA4CD0D0082E08D /* Singletons */ = {
			isa = PBXGroup;
			children = (
				1EDA45141AA500EE0082E08D /* FRSDataManager.h */,
				1EDA45151AA500EE0082E08D /* FRSDataManager.m */,
			);
			name = Singletons;
			sourceTree = "<group>";
		};
		1EDA44F31AA4D0730082E08D /* Models */ = {
			isa = PBXGroup;
			children = (
				1EDA44F41AA4D0730082E08D /* News Story */,
				1EDA44F71AA4D0730082E08D /* Tag */,
				1EDA44FA1AA4D0730082E08D /* Traditional Source */,
				1EDA44FD1AA4D0730082E08D /* User */,
			);
			path = Models;
			sourceTree = "<group>";
		};
		1EDA44F41AA4D0730082E08D /* News Story */ = {
			isa = PBXGroup;
			children = (
				1EDA44F51AA4D0730082E08D /* FRSPost.h */,
				1EDA44F61AA4D0730082E08D /* FRSPost.m */,
			);
			path = "News Story";
			sourceTree = "<group>";
		};
		1EDA44F71AA4D0730082E08D /* Tag */ = {
			isa = PBXGroup;
			children = (
				1EDA44F81AA4D0730082E08D /* FRSTag.h */,
				1EDA44F91AA4D0730082E08D /* FRSTag.m */,
			);
			path = Tag;
			sourceTree = "<group>";
		};
		1EDA44FA1AA4D0730082E08D /* Traditional Source */ = {
			isa = PBXGroup;
			children = (
				1EDA44FB1AA4D0730082E08D /* FRSTradionalSource.h */,
				1EDA44FC1AA4D0730082E08D /* FRSTradionalSource.m */,
			);
			path = "Traditional Source";
			sourceTree = "<group>";
		};
		1EDA44FD1AA4D0730082E08D /* User */ = {
			isa = PBXGroup;
			children = (
				1EDA44FE1AA4D0730082E08D /* FRSUser.h */,
				1EDA44FF1AA4D0730082E08D /* FRSUser.m */,
			);
			path = User;
			sourceTree = "<group>";
		};
		1EDA45041AA4D0B10082E08D /* Categories */ = {
			isa = PBXGroup;
			children = (
				1E408B731AA799750057AC16 /* UIColor+Additions.h */,
				1E408B741AA799750057AC16 /* UIColor+Additions.m */,
				1EDA451B1AA5067A0082E08D /* ASIFormDataRequest+Array.h */,
				1EDA451C1AA5067A0082E08D /* ASIFormDataRequest+Array.m */,
				1EDA45181AA506360082E08D /* NSFileManager+Additions.h */,
				1EDA45191AA506360082E08D /* NSFileManager+Additions.m */,
				1EDA45081AA4D1240082E08D /* NSDate+RelativeDate.h */,
				1EDA45091AA4D1240082E08D /* NSDate+RelativeDate.m */,
				1E408B7B1AA7C4DC0057AC16 /* UIViewController+Additions.h */,
				1E408B7C1AA7C4ED0057AC16 /* UIViewController+Additions.m */,
			);
			name = Categories;
			sourceTree = "<group>";
		};
		1EDA450E1AA4F8640082E08D /* ListView */ = {
			isa = PBXGroup;
			children = (
				1EDA450F1AA4F8640082E08D /* FRSStoryListCell.h */,
				1EDA45101AA4F8640082E08D /* FRSStoryListCell.m */,
				1EDA45111AA4F8640082E08D /* FRSStoryListCell.xib */,
				42B743761AA7C15B003F2478 /* FRSStoryListCellOrig.xib */,
			);
			path = ListView;
			sourceTree = "<group>";
		};
		BE77E1E79885C4C61AC87E44 /* Pods */ = {
			isa = PBXGroup;
			children = (
				39F7235CF7EC3BCFC47F1053 /* Pods.debug.xcconfig */,
				9B00AAFE2B00421BABBC07D6 /* Pods.release.xcconfig */,
			);
			name = Pods;
			sourceTree = "<group>";
		};
/* End PBXGroup section */

/* Begin PBXNativeTarget section */
		1EDA44AF1AA4CCC70082E08D /* FrescoNews */ = {
			isa = PBXNativeTarget;
			buildConfigurationList = 1EDA44D61AA4CCC70082E08D /* Build configuration list for PBXNativeTarget "FrescoNews" */;
			buildPhases = (
				A712045BA4FF7C3ECD55DD1A /* Check Pods Manifest.lock */,
				1EDA44AC1AA4CCC70082E08D /* Sources */,
				1EDA44AD1AA4CCC70082E08D /* Frameworks */,
				1EDA44AE1AA4CCC70082E08D /* Resources */,
				BCA811ECB60B44FE48F07483 /* Copy Pods Resources */,
			);
			buildRules = (
			);
			dependencies = (
			);
			name = FrescoNews;
			productName = FrescoNews;
			productReference = 1EDA44B01AA4CCC70082E08D /* FrescoNews.app */;
			productType = "com.apple.product-type.application";
		};
		1EDA44CB1AA4CCC70082E08D /* FrescoNewsTests */ = {
			isa = PBXNativeTarget;
			buildConfigurationList = 1EDA44D91AA4CCC70082E08D /* Build configuration list for PBXNativeTarget "FrescoNewsTests" */;
			buildPhases = (
				1EDA44C81AA4CCC70082E08D /* Sources */,
				1EDA44C91AA4CCC70082E08D /* Frameworks */,
				1EDA44CA1AA4CCC70082E08D /* Resources */,
			);
			buildRules = (
			);
			dependencies = (
				1EDA44CE1AA4CCC70082E08D /* PBXTargetDependency */,
			);
			name = FrescoNewsTests;
			productName = FrescoNewsTests;
			productReference = 1EDA44CC1AA4CCC70082E08D /* FrescoNewsTests.xctest */;
			productType = "com.apple.product-type.bundle.unit-test";
		};
/* End PBXNativeTarget section */

/* Begin PBXProject section */
		1EDA44A81AA4CCC70082E08D /* Project object */ = {
			isa = PBXProject;
			attributes = {
				LastUpgradeCheck = 0610;
				ORGANIZATIONNAME = Fresco;
				TargetAttributes = {
					1EDA44AF1AA4CCC70082E08D = {
						CreatedOnToolsVersion = 6.1.1;
					};
					1EDA44CB1AA4CCC70082E08D = {
						CreatedOnToolsVersion = 6.1.1;
						TestTargetID = 1EDA44AF1AA4CCC70082E08D;
					};
				};
			};
			buildConfigurationList = 1EDA44AB1AA4CCC70082E08D /* Build configuration list for PBXProject "FrescoNews" */;
			compatibilityVersion = "Xcode 3.2";
			developmentRegion = English;
			hasScannedForEncodings = 0;
			knownRegions = (
				en,
				Base,
			);
			mainGroup = 1EDA44A71AA4CCC70082E08D;
			productRefGroup = 1EDA44B11AA4CCC70082E08D /* Products */;
			projectDirPath = "";
			projectRoot = "";
			targets = (
				1EDA44AF1AA4CCC70082E08D /* FrescoNews */,
				1EDA44CB1AA4CCC70082E08D /* FrescoNewsTests */,
			);
		};
/* End PBXProject section */

/* Begin PBXResourcesBuildPhase section */
		1EDA44AE1AA4CCC70082E08D /* Resources */ = {
			isa = PBXResourcesBuildPhase;
			buildActionMask = 2147483647;
			files = (
				42B743771AA7C15B003F2478 /* FRSStoryListCellOrig.xib in Resources */,
				1EDA44C21AA4CCC70082E08D /* Main.storyboard in Resources */,
				1EDA45131AA4F8640082E08D /* FRSStoryListCell.xib in Resources */,
				1EDA44C71AA4CCC70082E08D /* LaunchScreen.xib in Resources */,
				1EDA44C41AA4CCC70082E08D /* Images.xcassets in Resources */,
				423A14571AB329F40030DAF4 /* towel.png in Resources */,
			);
			runOnlyForDeploymentPostprocessing = 0;
		};
		1EDA44CA1AA4CCC70082E08D /* Resources */ = {
			isa = PBXResourcesBuildPhase;
			buildActionMask = 2147483647;
			files = (
			);
			runOnlyForDeploymentPostprocessing = 0;
		};
/* End PBXResourcesBuildPhase section */

/* Begin PBXShellScriptBuildPhase section */
		A712045BA4FF7C3ECD55DD1A /* Check Pods Manifest.lock */ = {
			isa = PBXShellScriptBuildPhase;
			buildActionMask = 2147483647;
			files = (
			);
			inputPaths = (
			);
			name = "Check Pods Manifest.lock";
			outputPaths = (
			);
			runOnlyForDeploymentPostprocessing = 0;
			shellPath = /bin/sh;
			shellScript = "diff \"${PODS_ROOT}/../Podfile.lock\" \"${PODS_ROOT}/Manifest.lock\" > /dev/null\nif [[ $? != 0 ]] ; then\n    cat << EOM\nerror: The sandbox is not in sync with the Podfile.lock. Run 'pod install' or update your CocoaPods installation.\nEOM\n    exit 1\nfi\n";
			showEnvVarsInLog = 0;
		};
		BCA811ECB60B44FE48F07483 /* Copy Pods Resources */ = {
			isa = PBXShellScriptBuildPhase;
			buildActionMask = 2147483647;
			files = (
			);
			inputPaths = (
			);
			name = "Copy Pods Resources";
			outputPaths = (
			);
			runOnlyForDeploymentPostprocessing = 0;
			shellPath = /bin/sh;
			shellScript = "\"${SRCROOT}/Pods/Target Support Files/Pods/Pods-resources.sh\"\n";
			showEnvVarsInLog = 0;
		};
/* End PBXShellScriptBuildPhase section */

/* Begin PBXSourcesBuildPhase section */
		1EDA44AC1AA4CCC70082E08D /* Sources */ = {
			isa = PBXSourcesBuildPhase;
			buildActionMask = 2147483647;
			files = (
				1EDA45001AA4D0730082E08D /* FRSPost.m in Sources */,
				1ED9A3281AA9FFB6009BD7A3 /* CameraViewController.m in Sources */,
				1EDA44BF1AA4CCC70082E08D /* StoriesViewController.m in Sources */,
				1EDA45011AA4D0730082E08D /* FRSTag.m in Sources */,
				1ED9A32E1AAA0009009BD7A3 /* ProfileViewController.m in Sources */,
				1EDA451A1AA506360082E08D /* NSFileManager+Additions.m in Sources */,
				1E408B7A1AA7A4580057AC16 /* BaseNavigationController.m in Sources */,
				423A14551AB327CA0030DAF4 /* CameraViewControllerLandscape.m in Sources */,
				1ED9A3251AA9FAB9009BD7A3 /* VariableStore.m in Sources */,
				1EDA44B91AA4CCC70082E08D /* AppDelegate.m in Sources */,
				1E408B751AA799750057AC16 /* UIColor+Additions.m in Sources */,
				1ED9A32B1AA9FFE3009BD7A3 /* AssignmentsViewController.m in Sources */,
				1EDA450D1AA4E2BD0082E08D /* PostView.m in Sources */,
				1EDA450A1AA4D1240082E08D /* NSDate+RelativeDate.m in Sources */,
				1EDA45021AA4D0730082E08D /* FRSTradionalSource.m in Sources */,
				1EDA45161AA500EE0082E08D /* FRSDataManager.m in Sources */,
				1EDA44BC1AA4CCC70082E08D /* HomeViewController.m in Sources */,
				1E408B7D1AA7C4ED0057AC16 /* UIViewController+Additions.m in Sources */,
				1EDA45121AA4F8640082E08D /* FRSStoryListCell.m in Sources */,
				1EDA451D1AA5067A0082E08D /* ASIFormDataRequest+Array.m in Sources */,
				1EDA45031AA4D0730082E08D /* FRSUser.m in Sources */,
				1EDA44B61AA4CCC70082E08D /* main.m in Sources */,
			);
			runOnlyForDeploymentPostprocessing = 0;
		};
		1EDA44C81AA4CCC70082E08D /* Sources */ = {
			isa = PBXSourcesBuildPhase;
			buildActionMask = 2147483647;
			files = (
				1EDA44D31AA4CCC70082E08D /* FrescoNewsTests.m in Sources */,
			);
			runOnlyForDeploymentPostprocessing = 0;
		};
/* End PBXSourcesBuildPhase section */

/* Begin PBXTargetDependency section */
		1EDA44CE1AA4CCC70082E08D /* PBXTargetDependency */ = {
			isa = PBXTargetDependency;
			target = 1EDA44AF1AA4CCC70082E08D /* FrescoNews */;
			targetProxy = 1EDA44CD1AA4CCC70082E08D /* PBXContainerItemProxy */;
		};
/* End PBXTargetDependency section */

/* Begin PBXVariantGroup section */
		1EDA44C01AA4CCC70082E08D /* Main.storyboard */ = {
			isa = PBXVariantGroup;
			children = (
				1EDA44C11AA4CCC70082E08D /* Base */,
			);
			name = Main.storyboard;
			sourceTree = "<group>";
		};
		1EDA44C51AA4CCC70082E08D /* LaunchScreen.xib */ = {
			isa = PBXVariantGroup;
			children = (
				1EDA44C61AA4CCC70082E08D /* Base */,
			);
			name = LaunchScreen.xib;
			sourceTree = "<group>";
		};
/* End PBXVariantGroup section */

/* Begin XCBuildConfiguration section */
		1EDA44D41AA4CCC70082E08D /* Debug */ = {
			isa = XCBuildConfiguration;
			buildSettings = {
				ALWAYS_SEARCH_USER_PATHS = NO;
				CLANG_CXX_LANGUAGE_STANDARD = "gnu++0x";
				CLANG_CXX_LIBRARY = "libc++";
				CLANG_ENABLE_MODULES = YES;
				CLANG_ENABLE_OBJC_ARC = YES;
				CLANG_WARN_BOOL_CONVERSION = YES;
				CLANG_WARN_CONSTANT_CONVERSION = YES;
				CLANG_WARN_DIRECT_OBJC_ISA_USAGE = YES_ERROR;
				CLANG_WARN_EMPTY_BODY = YES;
				CLANG_WARN_ENUM_CONVERSION = YES;
				CLANG_WARN_INT_CONVERSION = YES;
				CLANG_WARN_OBJC_ROOT_CLASS = YES_ERROR;
				CLANG_WARN_UNREACHABLE_CODE = YES;
				CLANG_WARN__DUPLICATE_METHOD_MATCH = YES;
				"CODE_SIGN_IDENTITY[sdk=iphoneos*]" = "iPhone Developer";
				COPY_PHASE_STRIP = NO;
				ENABLE_STRICT_OBJC_MSGSEND = YES;
				GCC_C_LANGUAGE_STANDARD = gnu99;
				GCC_DYNAMIC_NO_PIC = NO;
				GCC_OPTIMIZATION_LEVEL = 0;
				GCC_PREFIX_HEADER = "";
				GCC_PREPROCESSOR_DEFINITIONS = (
					"DEBUG=1",
					"$(inherited)",
				);
				GCC_SYMBOLS_PRIVATE_EXTERN = NO;
				GCC_WARN_64_TO_32_BIT_CONVERSION = YES;
				GCC_WARN_ABOUT_RETURN_TYPE = YES_ERROR;
				GCC_WARN_UNDECLARED_SELECTOR = YES;
				GCC_WARN_UNINITIALIZED_AUTOS = YES_AGGRESSIVE;
				GCC_WARN_UNUSED_FUNCTION = YES;
				GCC_WARN_UNUSED_VARIABLE = YES;
				IPHONEOS_DEPLOYMENT_TARGET = 8.1;
				MTL_ENABLE_DEBUG_INFO = YES;
				ONLY_ACTIVE_ARCH = YES;
				SDKROOT = iphoneos;
			};
			name = Debug;
		};
		1EDA44D51AA4CCC70082E08D /* Release */ = {
			isa = XCBuildConfiguration;
			buildSettings = {
				ALWAYS_SEARCH_USER_PATHS = NO;
				CLANG_CXX_LANGUAGE_STANDARD = "gnu++0x";
				CLANG_CXX_LIBRARY = "libc++";
				CLANG_ENABLE_MODULES = YES;
				CLANG_ENABLE_OBJC_ARC = YES;
				CLANG_WARN_BOOL_CONVERSION = YES;
				CLANG_WARN_CONSTANT_CONVERSION = YES;
				CLANG_WARN_DIRECT_OBJC_ISA_USAGE = YES_ERROR;
				CLANG_WARN_EMPTY_BODY = YES;
				CLANG_WARN_ENUM_CONVERSION = YES;
				CLANG_WARN_INT_CONVERSION = YES;
				CLANG_WARN_OBJC_ROOT_CLASS = YES_ERROR;
				CLANG_WARN_UNREACHABLE_CODE = YES;
				CLANG_WARN__DUPLICATE_METHOD_MATCH = YES;
				"CODE_SIGN_IDENTITY[sdk=iphoneos*]" = "iPhone Developer";
				COPY_PHASE_STRIP = YES;
				ENABLE_NS_ASSERTIONS = NO;
				ENABLE_STRICT_OBJC_MSGSEND = YES;
				GCC_C_LANGUAGE_STANDARD = gnu99;
				GCC_PREFIX_HEADER = "";
				GCC_WARN_64_TO_32_BIT_CONVERSION = YES;
				GCC_WARN_ABOUT_RETURN_TYPE = YES_ERROR;
				GCC_WARN_UNDECLARED_SELECTOR = YES;
				GCC_WARN_UNINITIALIZED_AUTOS = YES_AGGRESSIVE;
				GCC_WARN_UNUSED_FUNCTION = YES;
				GCC_WARN_UNUSED_VARIABLE = YES;
				IPHONEOS_DEPLOYMENT_TARGET = 8.1;
				MTL_ENABLE_DEBUG_INFO = NO;
				SDKROOT = iphoneos;
				VALIDATE_PRODUCT = YES;
			};
			name = Release;
		};
		1EDA44D71AA4CCC70082E08D /* Debug */ = {
			isa = XCBuildConfiguration;
			baseConfigurationReference = 39F7235CF7EC3BCFC47F1053 /* Pods.debug.xcconfig */;
			buildSettings = {
				ASSETCATALOG_COMPILER_APPICON_NAME = AppIcon;
				GCC_PRECOMPILE_PREFIX_HEADER = YES;
				GCC_PREFIX_HEADER = FrescoNews/PrefixHeader.pch;
				INFOPLIST_FILE = FrescoNews/Info.plist;
				LD_RUNPATH_SEARCH_PATHS = "$(inherited) @executable_path/Frameworks";
				PRODUCT_NAME = "$(TARGET_NAME)";
			};
			name = Debug;
		};
		1EDA44D81AA4CCC70082E08D /* Release */ = {
			isa = XCBuildConfiguration;
			baseConfigurationReference = 9B00AAFE2B00421BABBC07D6 /* Pods.release.xcconfig */;
			buildSettings = {
				ASSETCATALOG_COMPILER_APPICON_NAME = AppIcon;
				GCC_PRECOMPILE_PREFIX_HEADER = YES;
				GCC_PREFIX_HEADER = FrescoNews/PrefixHeader.pch;
				INFOPLIST_FILE = FrescoNews/Info.plist;
				LD_RUNPATH_SEARCH_PATHS = "$(inherited) @executable_path/Frameworks";
				PRODUCT_NAME = "$(TARGET_NAME)";
			};
			name = Release;
		};
		1EDA44DA1AA4CCC70082E08D /* Debug */ = {
			isa = XCBuildConfiguration;
			buildSettings = {
				BUNDLE_LOADER = "$(TEST_HOST)";
				FRAMEWORK_SEARCH_PATHS = (
					"$(SDKROOT)/Developer/Library/Frameworks",
					"$(inherited)",
				);
				GCC_PREPROCESSOR_DEFINITIONS = (
					"DEBUG=1",
					"$(inherited)",
				);
				INFOPLIST_FILE = FrescoNewsTests/Info.plist;
				LD_RUNPATH_SEARCH_PATHS = "$(inherited) @executable_path/Frameworks @loader_path/Frameworks";
				PRODUCT_NAME = "$(TARGET_NAME)";
				TEST_HOST = "$(BUILT_PRODUCTS_DIR)/FrescoNews.app/FrescoNews";
			};
			name = Debug;
		};
		1EDA44DB1AA4CCC70082E08D /* Release */ = {
			isa = XCBuildConfiguration;
			buildSettings = {
				BUNDLE_LOADER = "$(TEST_HOST)";
				FRAMEWORK_SEARCH_PATHS = (
					"$(SDKROOT)/Developer/Library/Frameworks",
					"$(inherited)",
				);
				INFOPLIST_FILE = FrescoNewsTests/Info.plist;
				LD_RUNPATH_SEARCH_PATHS = "$(inherited) @executable_path/Frameworks @loader_path/Frameworks";
				PRODUCT_NAME = "$(TARGET_NAME)";
				TEST_HOST = "$(BUILT_PRODUCTS_DIR)/FrescoNews.app/FrescoNews";
			};
			name = Release;
		};
/* End XCBuildConfiguration section */

/* Begin XCConfigurationList section */
		1EDA44AB1AA4CCC70082E08D /* Build configuration list for PBXProject "FrescoNews" */ = {
			isa = XCConfigurationList;
			buildConfigurations = (
				1EDA44D41AA4CCC70082E08D /* Debug */,
				1EDA44D51AA4CCC70082E08D /* Release */,
			);
			defaultConfigurationIsVisible = 0;
			defaultConfigurationName = Release;
		};
		1EDA44D61AA4CCC70082E08D /* Build configuration list for PBXNativeTarget "FrescoNews" */ = {
			isa = XCConfigurationList;
			buildConfigurations = (
				1EDA44D71AA4CCC70082E08D /* Debug */,
				1EDA44D81AA4CCC70082E08D /* Release */,
			);
			defaultConfigurationIsVisible = 0;
			defaultConfigurationName = Release;
		};
		1EDA44D91AA4CCC70082E08D /* Build configuration list for PBXNativeTarget "FrescoNewsTests" */ = {
			isa = XCConfigurationList;
			buildConfigurations = (
				1EDA44DA1AA4CCC70082E08D /* Debug */,
				1EDA44DB1AA4CCC70082E08D /* Release */,
			);
			defaultConfigurationIsVisible = 0;
			defaultConfigurationName = Release;
		};
/* End XCConfigurationList section */
	};
	rootObject = 1EDA44A81AA4CCC70082E08D /* Project object */;
}
